<?xml version="1.0" encoding="utf-8"?>
<Project ToolsVersion="4.0" xmlns="http://schemas.microsoft.com/developer/msbuild/2003">
  <ItemGroup>
    <Filter Include="src">
      <UniqueIdentifier>{c88410cb-a960-482d-9bf8-f9e38d404448}</UniqueIdentifier>
    </Filter>
    <Filter Include="src\control">
      <UniqueIdentifier>{bef23cef-ddb5-497c-a592-100f7ea72a66}</UniqueIdentifier>
    </Filter>
    <Filter Include="src\common">
      <UniqueIdentifier>{61f5fe8a-0cb7-4aae-adec-a78ef758d059}</UniqueIdentifier>
    </Filter>
    <Filter Include="src\game">
      <UniqueIdentifier>{0f8f7354-ea6d-4b0a-966e-2e066548b7b7}</UniqueIdentifier>
    </Filter>
    <Filter Include="src\sundry">
      <UniqueIdentifier>{6e2f4e85-a451-44c0-b951-9f54bc1b7ba4}</UniqueIdentifier>
    </Filter>
    <Filter Include="src\control\display">
      <UniqueIdentifier>{ab6733c8-9047-4b1c-85c4-f45af8edb470}</UniqueIdentifier>
    </Filter>
    <Filter Include="src\control\console">
      <UniqueIdentifier>{b6a49c44-493e-4035-af08-8b2e537d0dd1}</UniqueIdentifier>
    </Filter>
    <Filter Include="src\control\operate">
      <UniqueIdentifier>{dc0b7e63-9de1-46ee-b6d8-3cdd29baf91d}</UniqueIdentifier>
    </Filter>
    <Filter Include="src\sundry\role">
      <UniqueIdentifier>{24151953-f45f-4091-ad98-13520de4584b}</UniqueIdentifier>
    </Filter>
    <Filter Include="src\config">
      <UniqueIdentifier>{f3bde5a6-a7f7-4c58-a07f-95d18fb804a5}</UniqueIdentifier>
    </Filter>
    <Filter Include="src\sundry\prop">
      <UniqueIdentifier>{1a6a89c3-3bd1-4b4f-a07a-5191aacd6139}</UniqueIdentifier>
    </Filter>
  </ItemGroup>
  <ItemGroup>
    <ClInclude Include="src\console.h">
      <Filter>src\control\console</Filter>
    </ClInclude>
    <ClInclude Include="src\displayBattle.h">
      <Filter>src\control\display</Filter>
    </ClInclude>
    <ClInclude Include="src\displayMenu.h">
      <Filter>src\control\display</Filter>
    </ClInclude>
    <ClInclude Include="src\common_type.h">
      <Filter>src\common</Filter>
    </ClInclude>
    <ClInclude Include="src\gameHardWorld.h">
      <Filter>src\game</Filter>
    </ClInclude>
    <ClInclude Include="src\operator.h">
      <Filter>src\control\operate</Filter>
    </ClInclude>
    <ClInclude Include="src\role.h">
      <Filter>src\sundry\role</Filter>
    </ClInclude>
    <ClInclude Include="src\public_cfg.h">
      <Filter>src\config</Filter>
    </ClInclude>
    <ClInclude Include="src\prop.h">
      <Filter>src\sundry\prop</Filter>
    </ClInclude>
  </ItemGroup>
  <ItemGroup>
    <ClCompile Include="src\main.cpp">
      <Filter>src</Filter>
    </ClCompile>
    <ClCompile Include="src\console.cpp">
      <Filter>src\control\console</Filter>
    </ClCompile>
    <ClCompile Include="src\displayBattle.cpp">
      <Filter>src\control\display</Filter>
    </ClCompile>
    <ClCompile Include="src\displayMenu.cpp">
      <Filter>src\control\display</Filter>
    </ClCompile>
    <ClCompile Include="src\gameHardWorld.cpp">
      <Filter>src\game</Filter>
    </ClCompile>
    <ClCompile Include="src\operator.cpp">
      <Filter>src\control\operate</Filter>
    </ClCompile>
    <ClCompile Include="src\role.cpp">
      <Filter>src\sundry\role</Filter>
    </ClCompile>
    <ClCompile Include="demo.cpp">
      <Filter>src</Filter>
    </ClCompile>
    <ClCompile Include="src\prop.cpp">
      <Filter>src\sundry\prop</Filter>
    </ClCompile>
  </ItemGroup>
</Project>